
Microsoft Visual Studio Solution File, Format Version 12.00
# Visual Studio Version 17
VisualStudioVersion = 17.11.35312.102
MinimumVisualStudioVersion = 10.0.40219.1
Project("{FAE04EC0-301F-11D3-BF4B-00C04F79EFBC}") = "BlazorApp1", "BlazorApp1\BlazorApp1.csproj", "{E1CFAABE-ACEB-4CF7-AA9D-47C8F7683D6F}"
EndProject
Global
	GlobalSection(SolutionConfigurationPlatforms) = preSolution
		Debug|Any CPU = Debug|Any CPU
		Release|Any CPU = Release|Any CPU
	EndGlobalSection
	GlobalSection(ProjectConfigurationPlatforms) = postSolution
		{E1CFAABE-ACEB-4CF7-AA9D-47C8F7683D6F}.Debug|Any CPU.ActiveCfg = Debug|Any CPU
		{E1CFAABE-ACEB-4CF7-AA9D-47C8F7683D6F}.Debug|Any CPU.Build.0 = Debug|Any CPU
		{E1CFAABE-ACEB-4CF7-AA9D-47C8F7683D6F}.Release|Any CPU.ActiveCfg = Release|Any CPU
		{E1CFAABE-ACEB-4CF7-AA9D-47C8F7683D6F}.Release|Any CPU.Build.0 = Release|Any CPU
	EndGlobalSection
	GlobalSection(SolutionProperties) = preSolution
		HideSolutionNode = FALSE
	EndGlobalSection
	GlobalSection(ExtensibilityGlobals) = postSolution
		SolutionGuid = {F0C51253-68C8-4EB1-A432-B0AB0091D951}
	EndGlobalSection
EndGlobal
